
Microsoft Visual Studio Solution File, Format Version 12.00
# Visual Studio Version 16
VisualStudioVersion = 16.0.31624.102
MinimumVisualStudioVersion = 10.0.40219.1
Project("{FAE04EC0-301F-11D3-BF4B-00C04F79EFBC}") = "1st_homework", "1st_homework.csproj", "{93CC79FF-DA8A-4D6C-8D5C-EA611E4FDACF}"
EndProject
Global
	GlobalSection(SolutionConfigurationPlatforms) = preSolution
		Debug|Any CPU = Debug|Any CPU
		Release|Any CPU = Release|Any CPU
	EndGlobalSection
	GlobalSection(ProjectConfigurationPlatforms) = postSolution
		{93CC79FF-DA8A-4D6C-8D5C-EA611E4FDACF}.Debug|Any CPU.ActiveCfg = Debug|Any CPU
		{93CC79FF-DA8A-4D6C-8D5C-EA611E4FDACF}.Debug|Any CPU.Build.0 = Debug|Any CPU
		{93CC79FF-DA8A-4D6C-8D5C-EA611E4FDACF}.Release|Any CPU.ActiveCfg = Release|Any CPU
		{93CC79FF-DA8A-4D6C-8D5C-EA611E4FDACF}.Release|Any CPU.Build.0 = Release|Any CPU
	EndGlobalSection
	GlobalSection(SolutionProperties) = preSolution
		HideSolutionNode = FALSE
	EndGlobalSection
	GlobalSection(ExtensibilityGlobals) = postSolution
		SolutionGuid = {39060290-7FF8-4709-927A-10310035BA71}
	EndGlobalSection
EndGlobal
